
Microsoft Visual Studio Solution File, Format Version 12.00
# Visual Studio Version 16
VisualStudioVersion = 16.0.32602.291
MinimumVisualStudioVersion = 10.0.40219.1
Project("{FAE04EC0-301F-11D3-BF4B-00C04F79EFBC}") = "002_WPFCountFilesApp", "002_WPFCountFilesApp.csproj", "{30620210-1D72-4331-8CA0-C0AA11CF3C65}"
EndProject
Global
	GlobalSection(SolutionConfigurationPlatforms) = preSolution
		Debug|Any CPU = Debug|Any CPU
		Release|Any CPU = Release|Any CPU
	EndGlobalSection
	GlobalSection(ProjectConfigurationPlatforms) = postSolution
		{30620210-1D72-4331-8CA0-C0AA11CF3C65}.Debug|Any CPU.ActiveCfg = Debug|Any CPU
		{30620210-1D72-4331-8CA0-C0AA11CF3C65}.Debug|Any CPU.Build.0 = Debug|Any CPU
		{30620210-1D72-4331-8CA0-C0AA11CF3C65}.Release|Any CPU.ActiveCfg = Release|Any CPU
		{30620210-1D72-4331-8CA0-C0AA11CF3C65}.Release|Any CPU.Build.0 = Release|Any CPU
	EndGlobalSection
	GlobalSection(SolutionProperties) = preSolution
		HideSolutionNode = FALSE
	EndGlobalSection
	GlobalSection(ExtensibilityGlobals) = postSolution
		SolutionGuid = {5F5A9C99-A8DD-456B-A591-B9475C8C835C}
	EndGlobalSection
EndGlobal
